
Microsoft Visual Studio Solution File, Format Version 12.00
# Visual Studio Version 17
VisualStudioVersion = 17.0.32014.148
MinimumVisualStudioVersion = 10.0.40219.1
Project("{9A19103F-16F7-4668-BE54-9A1E7A4F7556}") = "TrovoLib.Api", "TrovoLib.Api\TrovoLib.Api.csproj", "{75CBC509-9B6B-474E-979D-4A4CCA078323}"
EndProject
Project("{FAE04EC0-301F-11D3-BF4B-00C04F79EFBC}") = "TrovoLib.Entities", "TrovoLib.Entities\TrovoLib.Entities.csproj", "{26E3C14E-E984-4E81-8E30-27C397B638E6}"
EndProject
Project("{FAE04EC0-301F-11D3-BF4B-00C04F79EFBC}") = "TrovoLib.Core", "TrovoLib.Core\TrovoLib.Core.csproj", "{09B6428F-B80A-4CF2-9EAF-B7A600A50CD8}"
EndProject
Project("{FAE04EC0-301F-11D3-BF4B-00C04F79EFBC}") = "TrovoLib.UnitTests", "TrovoLib.UnitTests\TrovoLib.UnitTests.csproj", "{BD578725-B686-4C47-9A57-AB63F54573D7}"
EndProject
Global
	GlobalSection(SolutionConfigurationPlatforms) = preSolution
		Debug|Any CPU = Debug|Any CPU
		Release|Any CPU = Release|Any CPU
	EndGlobalSection
	GlobalSection(ProjectConfigurationPlatforms) = postSolution
		{75CBC509-9B6B-474E-979D-4A4CCA078323}.Debug|Any CPU.ActiveCfg = Debug|Any CPU
		{75CBC509-9B6B-474E-979D-4A4CCA078323}.Debug|Any CPU.Build.0 = Debug|Any CPU
		{75CBC509-9B6B-474E-979D-4A4CCA078323}.Release|Any CPU.ActiveCfg = Release|Any CPU
		{75CBC509-9B6B-474E-979D-4A4CCA078323}.Release|Any CPU.Build.0 = Release|Any CPU
		{26E3C14E-E984-4E81-8E30-27C397B638E6}.Debug|Any CPU.ActiveCfg = Debug|Any CPU
		{26E3C14E-E984-4E81-8E30-27C397B638E6}.Debug|Any CPU.Build.0 = Debug|Any CPU
		{26E3C14E-E984-4E81-8E30-27C397B638E6}.Release|Any CPU.ActiveCfg = Release|Any CPU
		{26E3C14E-E984-4E81-8E30-27C397B638E6}.Release|Any CPU.Build.0 = Release|Any CPU
		{09B6428F-B80A-4CF2-9EAF-B7A600A50CD8}.Debug|Any CPU.ActiveCfg = Debug|Any CPU
		{09B6428F-B80A-4CF2-9EAF-B7A600A50CD8}.Debug|Any CPU.Build.0 = Debug|Any CPU
		{09B6428F-B80A-4CF2-9EAF-B7A600A50CD8}.Release|Any CPU.ActiveCfg = Release|Any CPU
		{09B6428F-B80A-4CF2-9EAF-B7A600A50CD8}.Release|Any CPU.Build.0 = Release|Any CPU
		{BD578725-B686-4C47-9A57-AB63F54573D7}.Debug|Any CPU.ActiveCfg = Debug|Any CPU
		{BD578725-B686-4C47-9A57-AB63F54573D7}.Debug|Any CPU.Build.0 = Debug|Any CPU
		{BD578725-B686-4C47-9A57-AB63F54573D7}.Release|Any CPU.ActiveCfg = Release|Any CPU
		{BD578725-B686-4C47-9A57-AB63F54573D7}.Release|Any CPU.Build.0 = Release|Any CPU
	EndGlobalSection
	GlobalSection(SolutionProperties) = preSolution
		HideSolutionNode = FALSE
	EndGlobalSection
	GlobalSection(ExtensibilityGlobals) = postSolution
		SolutionGuid = {D79F0888-9C9E-4C8D-B33F-36FDEB6664BE}
	EndGlobalSection
EndGlobal
